// !$*UTF8*$!
{
	archiveVersion = 1;
	classes = {
	};
	objectVersion = 50;
	objects = {

/* Begin PBXBuildFile section */
		1419452F24079F5A00A2E20E /* AppDelegate.swift in Sources */ = {isa = PBXBuildFile; fileRef = 1419452E24079F5A00A2E20E /* AppDelegate.swift */; };
		1419453124079F5A00A2E20E /* SceneDelegate.swift in Sources */ = {isa = PBXBuildFile; fileRef = 1419453024079F5A00A2E20E /* SceneDelegate.swift */; };
		1419453324079F5A00A2E20E /* MortgageViewController.swift in Sources */ = {isa = PBXBuildFile; fileRef = 1419453224079F5A00A2E20E /* MortgageViewController.swift */; };
		1419453624079F5A00A2E20E /* Main.storyboard in Resources */ = {isa = PBXBuildFile; fileRef = 1419453424079F5A00A2E20E /* Main.storyboard */; };
		1419453824079F5C00A2E20E /* Assets.xcassets in Resources */ = {isa = PBXBuildFile; fileRef = 1419453724079F5C00A2E20E /* Assets.xcassets */; };
		1419453B24079F5C00A2E20E /* LaunchScreen.storyboard in Resources */ = {isa = PBXBuildFile; fileRef = 1419453924079F5C00A2E20E /* LaunchScreen.storyboard */; };
		14B96637240A74C600D3FB49 /* KeyboardController.swift in Sources */ = {isa = PBXBuildFile; fileRef = 14B96636240A74C600D3FB49 /* KeyboardController.swift */; };
		14B9663D240A767100D3FB49 /* Keyboard.xib in Resources */ = {isa = PBXBuildFile; fileRef = 14B9663C240A767100D3FB49 /* Keyboard.xib */; };
/* End PBXBuildFile section */

/* Begin PBXFileReference section */
		1419452B24079F5A00A2E20E /* FinanceCalculator.app */ = {isa = PBXFileReference; explicitFileType = wrapper.application; includeInIndex = 0; path = FinanceCalculator.app; sourceTree = BUILT_PRODUCTS_DIR; };
		1419452E24079F5A00A2E20E /* AppDelegate.swift */ = {isa = PBXFileReference; lastKnownFileType = sourcecode.swift; path = AppDelegate.swift; sourceTree = "<group>"; };
		1419453024079F5A00A2E20E /* SceneDelegate.swift */ = {isa = PBXFileReference; lastKnownFileType = sourcecode.swift; path = SceneDelegate.swift; sourceTree = "<group>"; };
		1419453224079F5A00A2E20E /* MortgageViewController.swift */ = {isa = PBXFileReference; lastKnownFileType = sourcecode.swift; path = MortgageViewController.swift; sourceTree = "<group>"; };
		1419453524079F5A00A2E20E /* Base */ = {isa = PBXFileReference; lastKnownFileType = file.storyboard; name = Base; path = Base.lproj/Main.storyboard; sourceTree = "<group>"; };
		1419453724079F5C00A2E20E /* Assets.xcassets */ = {isa = PBXFileReference; lastKnownFileType = folder.assetcatalog; path = Assets.xcassets; sourceTree = "<group>"; };
		1419453A24079F5C00A2E20E /* Base */ = {isa = PBXFileReference; lastKnownFileType = file.storyboard; name = Base; path = Base.lproj/LaunchScreen.storyboard; sourceTree = "<group>"; };
		1419453C24079F5C00A2E20E /* Info.plist */ = {isa = PBXFileReference; lastKnownFileType = text.plist.xml; path = Info.plist; sourceTree = "<group>"; };
		14B96636240A74C600D3FB49 /* KeyboardController.swift */ = {isa = PBXFileReference; lastKnownFileType = sourcecode.swift; path = KeyboardController.swift; sourceTree = "<group>"; };
		14B9663C240A767100D3FB49 /* Keyboard.xib */ = {isa = PBXFileReference; lastKnownFileType = file.xib; path = Keyboard.xib; sourceTree = "<group>"; };
/* End PBXFileReference section */

/* Begin PBXFrameworksBuildPhase section */
		1419452824079F5A00A2E20E /* Frameworks */ = {
			isa = PBXFrameworksBuildPhase;
			buildActionMask = 2147483647;
			files = (
			);
			runOnlyForDeploymentPostprocessing = 0;
		};
/* End PBXFrameworksBuildPhase section */

/* Begin PBXGroup section */
		1419452224079F5900A2E20E = {
			isa = PBXGroup;
			children = (
				1419452D24079F5A00A2E20E /* FinanceCalculator */,
				1419452C24079F5A00A2E20E /* Products */,
			);
			sourceTree = "<group>";
		};
		1419452C24079F5A00A2E20E /* Products */ = {
			isa = PBXGroup;
			children = (
				1419452B24079F5A00A2E20E /* FinanceCalculator.app */,
			);
			name = Products;
			sourceTree = "<group>";
		};
		1419452D24079F5A00A2E20E /* FinanceCalculator */ = {
			isa = PBXGroup;
			children = (
				14DB355F2407BCD9004CFAB3 /* Views */,
				14DB355E2407BCD2004CFAB3 /* Models */,
				14DB355D2407BCA5004CFAB3 /* Controllers */,
				1419452E24079F5A00A2E20E /* AppDelegate.swift */,
				1419453024079F5A00A2E20E /* SceneDelegate.swift */,
				1419453424079F5A00A2E20E /* Main.storyboard */,
				1419453724079F5C00A2E20E /* Assets.xcassets */,
				1419453924079F5C00A2E20E /* LaunchScreen.storyboard */,
				1419453C24079F5C00A2E20E /* Info.plist */,
			);
			path = FinanceCalculator;
			sourceTree = "<group>";
		};
		14DB355D2407BCA5004CFAB3 /* Controllers */ = {
			isa = PBXGroup;
			children = (
				1419453224079F5A00A2E20E /* MortgageViewController.swift */,
				14B96636240A74C600D3FB49 /* KeyboardController.swift */,
			);
			path = Controllers;
			sourceTree = "<group>";
		};
		14DB355E2407BCD2004CFAB3 /* Models */ = {
			isa = PBXGroup;
			children = (
			);
			path = Models;
			sourceTree = "<group>";
		};
		14DB355F2407BCD9004CFAB3 /* Views */ = {
			isa = PBXGroup;
			children = (
				14B9663C240A767100D3FB49 /* Keyboard.xib */,
			);
			path = Views;
			sourceTree = "<group>";
		};
/* End PBXGroup section */

/* Begin PBXNativeTarget section */
		1419452A24079F5A00A2E20E /* FinanceCalculator */ = {
			isa = PBXNativeTarget;
			buildConfigurationList = 1419453F24079F5C00A2E20E /* Build configuration list for PBXNativeTarget "FinanceCalculator" */;
			buildPhases = (
				1419452724079F5A00A2E20E /* Sources */,
				1419452824079F5A00A2E20E /* Frameworks */,
				1419452924079F5A00A2E20E /* Resources */,
			);
			buildRules = (
			);
			dependencies = (
			);
			name = FinanceCalculator;
			productName = FinanceCalculator;
			productReference = 1419452B24079F5A00A2E20E /* FinanceCalculator.app */;
			productType = "com.apple.product-type.application";
		};
/* End PBXNativeTarget section */

/* Begin PBXProject section */
		1419452324079F5900A2E20E /* Project object */ = {
			isa = PBXProject;
			attributes = {
				LastSwiftUpdateCheck = 1130;
				LastUpgradeCheck = 1130;
				ORGANIZATIONNAME = Suwadith;
				TargetAttributes = {
					1419452A24079F5A00A2E20E = {
						CreatedOnToolsVersion = 11.3.1;
					};
				};
			};
			buildConfigurationList = 1419452624079F5900A2E20E /* Build configuration list for PBXProject "FinanceCalculator" */;
			compatibilityVersion = "Xcode 9.3";
			developmentRegion = en;
			hasScannedForEncodings = 0;
			knownRegions = (
				en,
				Base,
			);
			mainGroup = 1419452224079F5900A2E20E;
			productRefGroup = 1419452C24079F5A00A2E20E /* Products */;
			projectDirPath = "";
			projectRoot = "";
			targets = (
				1419452A24079F5A00A2E20E /* FinanceCalculator */,
			);
		};
/* End PBXProject section */

/* Begin PBXResourcesBuildPhase section */
		1419452924079F5A00A2E20E /* Resources */ = {
			isa = PBXResourcesBuildPhase;
			buildActionMask = 2147483647;
			files = (
				1419453B24079F5C00A2E20E /* LaunchScreen.storyboard in Resources */,
				1419453824079F5C00A2E20E /* Assets.xcassets in Resources */,
				14B9663D240A767100D3FB49 /* Keyboard.xib in Resources */,
				1419453624079F5A00A2E20E /* Main.storyboard in Resources */,
			);
			runOnlyForDeploymentPostprocessing = 0;
		};
/* End PBXResourcesBuildPhase section */

/* Begin PBXSourcesBuildPhase section */
		1419452724079F5A00A2E20E /* Sources */ = {
			isa = PBXSourcesBuildPhase;
			buildActionMask = 2147483647;
			files = (
				14B96637240A74C600D3FB49 /* KeyboardController.swift in Sources */,
				1419453324079F5A00A2E20E /* MortgageViewController.swift in Sources */,
				1419452F24079F5A00A2E20E /* AppDelegate.swift in Sources */,
				1419453124079F5A00A2E20E /* SceneDelegate.swift in Sources */,
			);
			runOnlyForDeploymentPostprocessing = 0;
		};
/* End PBXSourcesBuildPhase section */

/* Begin PBXVariantGroup section */
		1419453424079F5A00A2E20E /* Main.storyboard */ = {
			isa = PBXVariantGroup;
			children = (
				1419453524079F5A00A2E20E /* Base */,
			);
			name = Main.storyboard;
			sourceTree = "<group>";
		};
		1419453924079F5C00A2E20E /* LaunchScreen.storyboard */ = {
			isa = PBXVariantGroup;
			children = (
				1419453A24079F5C00A2E20E /* Base */,
			);
			name = LaunchScreen.storyboard;
			sourceTree = "<group>";
		};
/* End PBXVariantGroup section */

/* Begin XCBuildConfiguration section */
		1419453D24079F5C00A2E20E /* Debug */ = {
			isa = XCBuildConfiguration;
			buildSettings = {
				ALWAYS_SEARCH_USER_PATHS = NO;
				CLANG_ANALYZER_NONNULL = YES;
				CLANG_ANALYZER_NUMBER_OBJECT_CONVERSION = YES_AGGRESSIVE;
				CLANG_CXX_LANGUAGE_STANDARD = "gnu++14";
				CLANG_CXX_LIBRARY = "libc++";
				CLANG_ENABLE_MODULES = YES;
				CLANG_ENABLE_OBJC_ARC = YES;
				CLANG_ENABLE_OBJC_WEAK = YES;
				CLANG_WARN_BLOCK_CAPTURE_AUTORELEASING = YES;
				CLANG_WARN_BOOL_CONVERSION = YES;
				CLANG_WARN_COMMA = YES;
				CLANG_WARN_CONSTANT_CONVERSION = YES;
				CLANG_WARN_DEPRECATED_OBJC_IMPLEMENTATIONS = YES;
				CLANG_WARN_DIRECT_OBJC_ISA_USAGE = YES_ERROR;
				CLANG_WARN_DOCUMENTATION_COMMENTS = YES;
				CLANG_WARN_EMPTY_BODY = YES;
				CLANG_WARN_ENUM_CONVERSION = YES;
				CLANG_WARN_INFINITE_RECURSION = YES;
				CLANG_WARN_INT_CONVERSION = YES;
				CLANG_WARN_NON_LITERAL_NULL_CONVERSION = YES;
				CLANG_WARN_OBJC_IMPLICIT_RETAIN_SELF = YES;
				CLANG_WARN_OBJC_LITERAL_CONVERSION = YES;
				CLANG_WARN_OBJC_ROOT_CLASS = YES_ERROR;
				CLANG_WARN_RANGE_LOOP_ANALYSIS = YES;
				CLANG_WARN_STRICT_PROTOTYPES = YES;
				CLANG_WARN_SUSPICIOUS_MOVE = YES;
				CLANG_WARN_UNGUARDED_AVAILABILITY = YES_AGGRESSIVE;
				CLANG_WARN_UNREACHABLE_CODE = YES;
				CLANG_WARN__DUPLICATE_METHOD_MATCH = YES;
				COPY_PHASE_STRIP = NO;
				DEBUG_INFORMATION_FORMAT = dwarf;
				ENABLE_STRICT_OBJC_MSGSEND = YES;
				ENABLE_TESTABILITY = YES;
				GCC_C_LANGUAGE_STANDARD = gnu11;
				GCC_DYNAMIC_NO_PIC = NO;
				GCC_NO_COMMON_BLOCKS = YES;
				GCC_OPTIMIZATION_LEVEL = 0;
				GCC_PREPROCESSOR_DEFINITIONS = (
					"DEBUG=1",
					"$(inherited)",
				);
				GCC_WARN_64_TO_32_BIT_CONVERSION = YES;
				GCC_WARN_ABOUT_RETURN_TYPE = YES_ERROR;
				GCC_WARN_UNDECLARED_SELECTOR = YES;
				GCC_WARN_UNINITIALIZED_AUTOS = YES_AGGRESSIVE;
				GCC_WARN_UNUSED_FUNCTION = YES;
				GCC_WARN_UNUSED_VARIABLE = YES;
				IPHONEOS_DEPLOYMENT_TARGET = 13.2;
				MTL_ENABLE_DEBUG_INFO = INCLUDE_SOURCE;
				MTL_FAST_MATH = YES;
				ONLY_ACTIVE_ARCH = YES;
				SDKROOT = iphoneos;
				SWIFT_ACTIVE_COMPILATION_CONDITIONS = DEBUG;
				SWIFT_OPTIMIZATION_LEVEL = "-Onone";
			};
			name = Debug;
		};
		1419453E24079F5C00A2E20E /* Release */ = {
			isa = XCBuildConfiguration;
			buildSettings = {
				ALWAYS_SEARCH_USER_PATHS = NO;
				CLANG_ANALYZER_NONNULL = YES;
				CLANG_ANALYZER_NUMBER_OBJECT_CONVERSION = YES_AGGRESSIVE;
				CLANG_CXX_LANGUAGE_STANDARD = "gnu++14";
				CLANG_CXX_LIBRARY = "libc++";
				CLANG_ENABLE_MODULES = YES;
				CLANG_ENABLE_OBJC_ARC = YES;
				CLANG_ENABLE_OBJC_WEAK = YES;
				CLANG_WARN_BLOCK_CAPTURE_AUTORELEASING = YES;
				CLANG_WARN_BOOL_CONVERSION = YES;
				CLANG_WARN_COMMA = YES;
				CLANG_WARN_CONSTANT_CONVERSION = YES;
				CLANG_WARN_DEPRECATED_OBJC_IMPLEMENTATIONS = YES;
				CLANG_WARN_DIRECT_OBJC_ISA_USAGE = YES_ERROR;
				CLANG_WARN_DOCUMENTATION_COMMENTS = YES;
				CLANG_WARN_EMPTY_BODY = YES;
				CLANG_WARN_ENUM_CONVERSION = YES;
				CLANG_WARN_INFINITE_RECURSION = YES;
				CLANG_WARN_INT_CONVERSION = YES;
				CLANG_WARN_NON_LITERAL_NULL_CONVERSION = YES;
				CLANG_WARN_OBJC_IMPLICIT_RETAIN_SELF = YES;
				CLANG_WARN_OBJC_LITERAL_CONVERSION = YES;
				CLANG_WARN_OBJC_ROOT_CLASS = YES_ERROR;
				CLANG_WARN_RANGE_LOOP_ANALYSIS = YES;
				CLANG_WARN_STRICT_PROTOTYPES = YES;
				CLANG_WARN_SUSPICIOUS_MOVE = YES;
				CLANG_WARN_UNGUARDED_AVAILABILITY = YES_AGGRESSIVE;
				CLANG_WARN_UNREACHABLE_CODE = YES;
				CLANG_WARN__DUPLICATE_METHOD_MATCH = YES;
				COPY_PHASE_STRIP = NO;
				DEBUG_INFORMATION_FORMAT = "dwarf-with-dsym";
				ENABLE_NS_ASSERTIONS = NO;
				ENABLE_STRICT_OBJC_MSGSEND = YES;
				GCC_C_LANGUAGE_STANDARD = gnu11;
				GCC_NO_COMMON_BLOCKS = YES;
				GCC_WARN_64_TO_32_BIT_CONVERSION = YES;
				GCC_WARN_ABOUT_RETURN_TYPE = YES_ERROR;
				GCC_WARN_UNDECLARED_SELECTOR = YES;
				GCC_WARN_UNINITIALIZED_AUTOS = YES_AGGRESSIVE;
				GCC_WARN_UNUSED_FUNCTION = YES;
				GCC_WARN_UNUSED_VARIABLE = YES;
				IPHONEOS_DEPLOYMENT_TARGET = 13.2;
				MTL_ENABLE_DEBUG_INFO = NO;
				MTL_FAST_MATH = YES;
				SDKROOT = iphoneos;
				SWIFT_COMPILATION_MODE = wholemodule;
				SWIFT_OPTIMIZATION_LEVEL = "-O";
				VALIDATE_PRODUCT = YES;
			};
			name = Release;
		};
		1419454024079F5C00A2E20E /* Debug */ = {
			isa = XCBuildConfiguration;
			buildSettings = {
				ASSETCATALOG_COMPILER_APPICON_NAME = AppIcon;
				CODE_SIGN_STYLE = Automatic;
				INFOPLIST_FILE = FinanceCalculator/Info.plist;
				IPHONEOS_DEPLOYMENT_TARGET = 13.2;
				LD_RUNPATH_SEARCH_PATHS = (
					"$(inherited)",
					"@executable_path/Frameworks",
				);
				PRODUCT_BUNDLE_IDENTIFIER = com.suwadith.FinanceCalculator;
				PRODUCT_NAME = FinanceCalculator;
				SWIFT_VERSION = 5.0;
				TARGETED_DEVICE_FAMILY = 1;
			};
			name = Debug;
		};
		1419454124079F5C00A2E20E /* Release */ = {
			isa = XCBuildConfiguration;
			buildSettings = {
				ASSETCATALOG_COMPILER_APPICON_NAME = AppIcon;
				CODE_SIGN_STYLE = Automatic;
				INFOPLIST_FILE = FinanceCalculator/Info.plist;
				IPHONEOS_DEPLOYMENT_TARGET = 13.2;
				LD_RUNPATH_SEARCH_PATHS = (
					"$(inherited)",
					"@executable_path/Frameworks",
				);
				PRODUCT_BUNDLE_IDENTIFIER = com.suwadith.FinanceCalculator;
				PRODUCT_NAME = FinanceCalculator;
				SWIFT_VERSION = 5.0;
				TARGETED_DEVICE_FAMILY = 1;
			};
			name = Release;
		};
/* End XCBuildConfiguration section */

/* Begin XCConfigurationList section */
		1419452624079F5900A2E20E /* Build configuration list for PBXProject "FinanceCalculator" */ = {
			isa = XCConfigurationList;
			buildConfigurations = (
				1419453D24079F5C00A2E20E /* Debug */,
				1419453E24079F5C00A2E20E /* Release */,
			);
			defaultConfigurationIsVisible = 0;
			defaultConfigurationName = Release;
		};
		1419453F24079F5C00A2E20E /* Build configuration list for PBXNativeTarget "FinanceCalculator" */ = {
			isa = XCConfigurationList;
			buildConfigurations = (
				1419454024079F5C00A2E20E /* Debug */,
				1419454124079F5C00A2E20E /* Release */,
			);
			defaultConfigurationIsVisible = 0;
			defaultConfigurationName = Release;
		};
/* End XCConfigurationList section */
	};
	rootObject = 1419452324079F5900A2E20E /* Project object */;
}
